
Microsoft Visual Studio Solution File, Format Version 12.00
# Visual Studio 14
VisualStudioVersion = 14.0.24720.0
MinimumVisualStudioVersion = 10.0.40219.1
Project("{FAE04EC0-301F-11D3-BF4B-00C04F79EFBC}") = "SkeletonStream-CS", "SkeletonStream\SkeletonStream-CS.csproj", "{ED84D2A3-8F4C-46EE-9E30-66CA4E494A9C}"
EndProject
Global
	GlobalSection(SolutionConfigurationPlatforms) = preSolution
		Debug|x86 = Debug|x86
		Release|x86 = Release|x86
	EndGlobalSection
	GlobalSection(ProjectConfigurationPlatforms) = postSolution
		{ED84D2A3-8F4C-46EE-9E30-66CA4E494A9C}.Debug|x86.ActiveCfg = Debug|x86
		{ED84D2A3-8F4C-46EE-9E30-66CA4E494A9C}.Debug|x86.Build.0 = Debug|x86
		{ED84D2A3-8F4C-46EE-9E30-66CA4E494A9C}.Release|x86.ActiveCfg = Release|x86
		{ED84D2A3-8F4C-46EE-9E30-66CA4E494A9C}.Release|x86.Build.0 = Release|x86
	EndGlobalSection
	GlobalSection(SolutionProperties) = preSolution
		HideSolutionNode = FALSE
	EndGlobalSection
EndGlobal
